// !$*UTF8*$!
{
	archiveVersion = 1;
	classes = {
	};
	objectVersion = 46;
	objects = {

/* Begin PBXBuildFile section */
		1734AE0417F567A72978FAC4 /* Pods_RbSwift.framework in Frameworks */ = {isa = PBXBuildFile; fileRef = AEEBAC1B2C123BC22AA8381D /* Pods_RbSwift.framework */; };
		72369CA31E8B933600C876A5 /* Date+MathSpec.swift in Sources */ = {isa = PBXBuildFile; fileRef = 72369CA21E8B933600C876A5 /* Date+MathSpec.swift */; };
		723AA3401E8AD4A20000A612 /* RegexSpec.swift in Sources */ = {isa = PBXBuildFile; fileRef = 723AA33F1E8AD4A20000A612 /* RegexSpec.swift */; };
		724874FC1E7CF813007984FD /* RbSwift.h in Headers */ = {isa = PBXBuildFile; fileRef = 724874FA1E7CF813007984FD /* RbSwift.h */; settings = {ATTRIBUTES = (Public, ); }; };
		724875061E7CF829007984FD /* Array+Transform.swift in Sources */ = {isa = PBXBuildFile; fileRef = 724875021E7CF829007984FD /* Array+Transform.swift */; };
		724875081E7CF829007984FD /* Sequence+Transform.swift in Sources */ = {isa = PBXBuildFile; fileRef = 724875041E7CF829007984FD /* Sequence+Transform.swift */; };
		724875201E7CF850007984FD /* Array+TransformSpec.swift in Sources */ = {isa = PBXBuildFile; fileRef = 7248751B1E7CF850007984FD /* Array+TransformSpec.swift */; };
		724875231E7CF850007984FD /* Sequence+TransformSpec.swift in Sources */ = {isa = PBXBuildFile; fileRef = 7248751E1E7CF850007984FD /* Sequence+TransformSpec.swift */; };
		724875271E7CF883007984FD /* Inflector.swift in Sources */ = {isa = PBXBuildFile; fileRef = 724875251E7CF883007984FD /* Inflector.swift */; };
		724875281E7CF883007984FD /* Regex.swift in Sources */ = {isa = PBXBuildFile; fileRef = 724875261E7CF883007984FD /* Regex.swift */; };
		7248753E1E7CFC95007984FD /* Duration.swift in Sources */ = {isa = PBXBuildFile; fileRef = 7248753D1E7CFC95007984FD /* Duration.swift */; };
		72541B011E7D58E2008B49B1 /* DurationSpec.swift in Sources */ = {isa = PBXBuildFile; fileRef = 72541B001E7D58E2008B49B1 /* DurationSpec.swift */; };
		72541B041E7D5D90008B49B1 /* DateFormat.swift in Sources */ = {isa = PBXBuildFile; fileRef = 72541B031E7D5D90008B49B1 /* DateFormat.swift */; };
		72541B061E7D5DD6008B49B1 /* Date+Initialize.swift in Sources */ = {isa = PBXBuildFile; fileRef = 72541B051E7D5DD6008B49B1 /* Date+Initialize.swift */; };
		72541B0B1E7D6771008B49B1 /* Date+TimeZone.swift in Sources */ = {isa = PBXBuildFile; fileRef = 72541B0A1E7D6771008B49B1 /* Date+TimeZone.swift */; };
		72541B0D1E7D6803008B49B1 /* Date+TimeZoneSpec.swift in Sources */ = {isa = PBXBuildFile; fileRef = 72541B0C1E7D6803008B49B1 /* Date+TimeZoneSpec.swift */; };
		72541B1A1E7D95B5008B49B1 /* MatchData.swift in Sources */ = {isa = PBXBuildFile; fileRef = 72541B191E7D95B5008B49B1 /* MatchData.swift */; };
		72541B201E7D96F3008B49B1 /* Date+Components.swift in Sources */ = {isa = PBXBuildFile; fileRef = 72541B1F1E7D96F3008B49B1 /* Date+Components.swift */; };
		72541B221E7D986B008B49B1 /* DateFormatSpec.swift in Sources */ = {isa = PBXBuildFile; fileRef = 72541B211E7D986B008B49B1 /* DateFormatSpec.swift */; };
		72541B691E7E32CE008B49B1 /* Number+Bool.swift in Sources */ = {isa = PBXBuildFile; fileRef = 72541B671E7E32CE008B49B1 /* Number+Bool.swift */; };
		72541B6A1E7E32CE008B49B1 /* Number+Conversions.swift in Sources */ = {isa = PBXBuildFile; fileRef = 72541B681E7E32CE008B49B1 /* Number+Conversions.swift */; };
		72541B6C1E7E32D5008B49B1 /* Sequence+Length.swift in Sources */ = {isa = PBXBuildFile; fileRef = 72541B6B1E7E32D5008B49B1 /* Sequence+Length.swift */; };
		72541B7B1E7E32E1008B49B1 /* String+Access.swift in Sources */ = {isa = PBXBuildFile; fileRef = 72541B6E1E7E32E1008B49B1 /* String+Access.swift */; };
		72541B7C1E7E32E1008B49B1 /* String+Bool.swift in Sources */ = {isa = PBXBuildFile; fileRef = 72541B6F1E7E32E1008B49B1 /* String+Bool.swift */; };
		72541B7D1E7E32E1008B49B1 /* String+Case.swift in Sources */ = {isa = PBXBuildFile; fileRef = 72541B701E7E32E1008B49B1 /* String+Case.swift */; };
		72541B7E1E7E32E1008B49B1 /* String+Conversions.swift in Sources */ = {isa = PBXBuildFile; fileRef = 72541B711E7E32E1008B49B1 /* String+Conversions.swift */; };
		72541B7F1E7E32E1008B49B1 /* String+Enumeration.swift in Sources */ = {isa = PBXBuildFile; fileRef = 72541B721E7E32E1008B49B1 /* String+Enumeration.swift */; };
		72541B801E7E32E1008B49B1 /* String+Remove.swift in Sources */ = {isa = PBXBuildFile; fileRef = 72541B731E7E32E1008B49B1 /* String+Remove.swift */; };
		72541B811E7E32E1008B49B1 /* String+Indent.swift in Sources */ = {isa = PBXBuildFile; fileRef = 72541B741E7E32E1008B49B1 /* String+Indent.swift */; };
		72541B821E7E32E1008B49B1 /* String+Inflections.swift in Sources */ = {isa = PBXBuildFile; fileRef = 72541B751E7E32E1008B49B1 /* String+Inflections.swift */; };
		72541B831E7E32E1008B49B1 /* String+Length.swift in Sources */ = {isa = PBXBuildFile; fileRef = 72541B761E7E32E1008B49B1 /* String+Length.swift */; };
		72541B841E7E32E1008B49B1 /* String+Operator.swift in Sources */ = {isa = PBXBuildFile; fileRef = 72541B771E7E32E1008B49B1 /* String+Operator.swift */; };
		72541B851E7E32E1008B49B1 /* String+Regex.swift in Sources */ = {isa = PBXBuildFile; fileRef = 72541B781E7E32E1008B49B1 /* String+Regex.swift */; };
		72541B861E7E32E1008B49B1 /* String+Transform.swift in Sources */ = {isa = PBXBuildFile; fileRef = 72541B791E7E32E1008B49B1 /* String+Transform.swift */; };
		72541B891E7E32F2008B49B1 /* Date+ComponentsSpec.swift in Sources */ = {isa = PBXBuildFile; fileRef = 72541B871E7E32F2008B49B1 /* Date+ComponentsSpec.swift */; };
		72541B8A1E7E32F2008B49B1 /* Date+InitializeSpec.swift in Sources */ = {isa = PBXBuildFile; fileRef = 72541B881E7E32F2008B49B1 /* Date+InitializeSpec.swift */; };
		72541B8D1E7E32FA008B49B1 /* Number+BoolSpec.swift in Sources */ = {isa = PBXBuildFile; fileRef = 72541B8B1E7E32FA008B49B1 /* Number+BoolSpec.swift */; };
		72541B8E1E7E32FA008B49B1 /* Number+ConversionsSpec.swift in Sources */ = {isa = PBXBuildFile; fileRef = 72541B8C1E7E32FA008B49B1 /* Number+ConversionsSpec.swift */; };
		72541B901E7E3301008B49B1 /* Sequence+LengthSpec.swift in Sources */ = {isa = PBXBuildFile; fileRef = 72541B8F1E7E3301008B49B1 /* Sequence+LengthSpec.swift */; };
		72541B9E1E7E330A008B49B1 /* String+AccessSpec.swift in Sources */ = {isa = PBXBuildFile; fileRef = 72541B911E7E330A008B49B1 /* String+AccessSpec.swift */; };
		72541B9F1E7E330A008B49B1 /* String+BoolSpec.swift in Sources */ = {isa = PBXBuildFile; fileRef = 72541B921E7E330A008B49B1 /* String+BoolSpec.swift */; };
		72541BA01E7E330A008B49B1 /* String+CaseSpec.swift in Sources */ = {isa = PBXBuildFile; fileRef = 72541B931E7E330A008B49B1 /* String+CaseSpec.swift */; };
		72541BA11E7E330A008B49B1 /* String+ConversionsSpec.swift in Sources */ = {isa = PBXBuildFile; fileRef = 72541B941E7E330A008B49B1 /* String+ConversionsSpec.swift */; };
		72541BA21E7E330A008B49B1 /* String+EnumerationSpec.swift in Sources */ = {isa = PBXBuildFile; fileRef = 72541B951E7E330A008B49B1 /* String+EnumerationSpec.swift */; };
		72541BA31E7E330A008B49B1 /* String+RemoveSpec.swift in Sources */ = {isa = PBXBuildFile; fileRef = 72541B961E7E330A008B49B1 /* String+RemoveSpec.swift */; };
		72541BA41E7E330A008B49B1 /* String+IndentSpec.swift in Sources */ = {isa = PBXBuildFile; fileRef = 72541B971E7E330A008B49B1 /* String+IndentSpec.swift */; };
		72541BA51E7E330A008B49B1 /* String+InflectionSpec.swift in Sources */ = {isa = PBXBuildFile; fileRef = 72541B981E7E330A008B49B1 /* String+InflectionSpec.swift */; };
		72541BA61E7E330A008B49B1 /* String+LengthSpec.swift in Sources */ = {isa = PBXBuildFile; fileRef = 72541B991E7E330A008B49B1 /* String+LengthSpec.swift */; };
		72541BA71E7E330A008B49B1 /* String+OperatorSpec.swift in Sources */ = {isa = PBXBuildFile; fileRef = 72541B9A1E7E330A008B49B1 /* String+OperatorSpec.swift */; };
		72541BA81E7E330A008B49B1 /* String+RegexSpec.swift in Sources */ = {isa = PBXBuildFile; fileRef = 72541B9B1E7E330A008B49B1 /* String+RegexSpec.swift */; };
		72541BAA1E7E330A008B49B1 /* String+TransformSpec.swift in Sources */ = {isa = PBXBuildFile; fileRef = 72541B9D1E7E330A008B49B1 /* String+TransformSpec.swift */; };
		72541BAC1E7E3384008B49B1 /* Duration+Relative.swift in Sources */ = {isa = PBXBuildFile; fileRef = 72541BAB1E7E3384008B49B1 /* Duration+Relative.swift */; };
		72541BAE1E7E33A3008B49B1 /* Duration+Components.swift in Sources */ = {isa = PBXBuildFile; fileRef = 72541BAD1E7E33A3008B49B1 /* Duration+Components.swift */; };
		72541BB01E7E33C1008B49B1 /* Duration+Conversions.swift in Sources */ = {isa = PBXBuildFile; fileRef = 72541BAF1E7E33C1008B49B1 /* Duration+Conversions.swift */; };
		72541BB21E7E33F9008B49B1 /* Duration+Comparable.swift in Sources */ = {isa = PBXBuildFile; fileRef = 72541BB11E7E33F9008B49B1 /* Duration+Comparable.swift */; };
		72541BB41E7E34C4008B49B1 /* Date+Conversions.swift in Sources */ = {isa = PBXBuildFile; fileRef = 72541BB31E7E34C4008B49B1 /* Date+Conversions.swift */; };
		727738881E8025BF008E83E6 /* Number+Enumeration.swift in Sources */ = {isa = PBXBuildFile; fileRef = 727738871E8025BF008E83E6 /* Number+Enumeration.swift */; };
		7277388A1E802652008E83E6 /* Number+EnumerationSpec.swift in Sources */ = {isa = PBXBuildFile; fileRef = 727738891E802652008E83E6 /* Number+EnumerationSpec.swift */; };
		7277388C1E8034C1008E83E6 /* Number+Math.swift in Sources */ = {isa = PBXBuildFile; fileRef = 7277388B1E8034C1008E83E6 /* Number+Math.swift */; };
		7277388E1E8045A4008E83E6 /* Number+AbsoluteValue.swift in Sources */ = {isa = PBXBuildFile; fileRef = 7277388D1E8045A4008E83E6 /* Number+AbsoluteValue.swift */; };
		727738901E8047D6008E83E6 /* Number+AbsoluteValueSpec.swift in Sources */ = {isa = PBXBuildFile; fileRef = 7277388F1E8047D6008E83E6 /* Number+AbsoluteValueSpec.swift */; };
		727738921E815F29008E83E6 /* Number+DurationSpec.swift in Sources */ = {isa = PBXBuildFile; fileRef = 727738911E815F29008E83E6 /* Number+DurationSpec.swift */; };
		727738941E81810A008E83E6 /* Array+Operator.swift in Sources */ = {isa = PBXBuildFile; fileRef = 727738931E81810A008E83E6 /* Array+Operator.swift */; };
		727738961E8182F0008E83E6 /* Sequence+Conversions.swift in Sources */ = {isa = PBXBuildFile; fileRef = 727738951E8182F0008E83E6 /* Sequence+Conversions.swift */; };
		727738981E82B2A3008E83E6 /* Sequence+Bool.swift in Sources */ = {isa = PBXBuildFile; fileRef = 727738971E82B2A3008E83E6 /* Sequence+Bool.swift */; };
		7277389A1E82B4B0008E83E6 /* Sequence+Equatable.swift in Sources */ = {isa = PBXBuildFile; fileRef = 727738991E82B4B0008E83E6 /* Sequence+Equatable.swift */; };
		7277389C1E82B4CE008E83E6 /* Sequence+EquatableSpec.swift in Sources */ = {isa = PBXBuildFile; fileRef = 7277389B1E82B4CE008E83E6 /* Sequence+EquatableSpec.swift */; };
		7277389E1E82B4D7008E83E6 /* Sequence+BoolSpec.swift in Sources */ = {isa = PBXBuildFile; fileRef = 7277389D1E82B4D7008E83E6 /* Sequence+BoolSpec.swift */; };
		727738A01E82B932008E83E6 /* Array+Bool.swift in Sources */ = {isa = PBXBuildFile; fileRef = 7277389F1E82B932008E83E6 /* Array+Bool.swift */; };
		727738A21E82B9AB008E83E6 /* Array+BoolSpec.swift in Sources */ = {isa = PBXBuildFile; fileRef = 727738A11E82B9AB008E83E6 /* Array+BoolSpec.swift */; };
		727738A41E82B9DB008E83E6 /* Array+OperatorSpec.swift in Sources */ = {isa = PBXBuildFile; fileRef = 727738A31E82B9DB008E83E6 /* Array+OperatorSpec.swift */; };
		727738A81E8404B8008E83E6 /* Array+EquatableSpec.swift in Sources */ = {isa = PBXBuildFile; fileRef = 727738A71E8404B8008E83E6 /* Array+EquatableSpec.swift */; };
		727738AE1E84AE87008E83E6 /* Array+Access.swift in Sources */ = {isa = PBXBuildFile; fileRef = 727738AD1E84AE87008E83E6 /* Array+Access.swift */; };
		727738B21E84AFDD008E83E6 /* Array+AccessSpec.swift in Sources */ = {isa = PBXBuildFile; fileRef = 727738B11E84AFDD008E83E6 /* Array+AccessSpec.swift */; };
		729D3D4D1E7E355300258333 /* InflectorRule.swift in Sources */ = {isa = PBXBuildFile; fileRef = 729D3D4C1E7E355300258333 /* InflectorRule.swift */; };
		729D3D511E7E385E00258333 /* Duration+RelativeSpec.swift in Sources */ = {isa = PBXBuildFile; fileRef = 729D3D501E7E385E00258333 /* Duration+RelativeSpec.swift */; };
		729D3D531E7E387E00258333 /* Number+Duration.swift in Sources */ = {isa = PBXBuildFile; fileRef = 729D3D521E7E387E00258333 /* Number+Duration.swift */; };
		729D3D551E7E5F7100258333 /* Date+Time.swift in Sources */ = {isa = PBXBuildFile; fileRef = 729D3D541E7E5F7100258333 /* Date+Time.swift */; };
		729D3D571E7E63F200258333 /* Duration+Math.swift in Sources */ = {isa = PBXBuildFile; fileRef = 729D3D561E7E63F200258333 /* Duration+Math.swift */; };
		729D3D591E7E651600258333 /* Duration+MathSpec.swift in Sources */ = {isa = PBXBuildFile; fileRef = 729D3D581E7E651600258333 /* Duration+MathSpec.swift */; };
		729D3D5B1E7E68A900258333 /* Date+Math.swift in Sources */ = {isa = PBXBuildFile; fileRef = 729D3D5A1E7E68A900258333 /* Date+Math.swift */; };
		729D3D5D1E7EB46900258333 /* String+Chars.swift in Sources */ = {isa = PBXBuildFile; fileRef = 729D3D5C1E7EB46900258333 /* String+Chars.swift */; };
		729D3D5F1E7EB51700258333 /* String+CharsSpec.swift in Sources */ = {isa = PBXBuildFile; fileRef = 729D3D5E1E7EB51700258333 /* String+CharsSpec.swift */; };
		72A218FE1E7FB38E00EF65C9 /* RegexConvertible.swift in Sources */ = {isa = PBXBuildFile; fileRef = 72A218FD1E7FB38E00EF65C9 /* RegexConvertible.swift */; };
		72A219001E80C76500EF65C9 /* Number+MathSpec.swift in Sources */ = {isa = PBXBuildFile; fileRef = 72A218FF1E80C76500EF65C9 /* Number+MathSpec.swift */; };
		72A219021E80CE1600EF65C9 /* Number+Exponentiative.swift in Sources */ = {isa = PBXBuildFile; fileRef = 72A219011E80CE1600EF65C9 /* Number+Exponentiative.swift */; };
		72A219041E80D28100EF65C9 /* Number+ExponentiativeSpec.swift in Sources */ = {isa = PBXBuildFile; fileRef = 72A219031E80D28100EF65C9 /* Number+ExponentiativeSpec.swift */; };
		72B79D2C1E84CC5500BF7C35 /* Array+Equatable.swift in Sources */ = {isa = PBXBuildFile; fileRef = 72B79D2B1E84CC5500BF7C35 /* Array+Equatable.swift */; };
		72E276A81E8BE86C00F41D1B /* Date+TimeSpec.swift in Sources */ = {isa = PBXBuildFile; fileRef = 72E276A71E8BE86C00F41D1B /* Date+TimeSpec.swift */; };
		72E276AA1E8BF1E700F41D1B /* Date+Bool.swift in Sources */ = {isa = PBXBuildFile; fileRef = 72E276A91E8BF1E700F41D1B /* Date+Bool.swift */; };
		72E276AC1E8BF38300F41D1B /* Date+BoolSpec.swift in Sources */ = {isa = PBXBuildFile; fileRef = 72E276AB1E8BF38300F41D1B /* Date+BoolSpec.swift */; };
		72FC50881E83AC3B009B99F4 /* Array+Mutate.swift in Sources */ = {isa = PBXBuildFile; fileRef = 72FC50871E83AC3B009B99F4 /* Array+Mutate.swift */; };
		72FC508A1E83AC61009B99F4 /* Array+MutateSpec.swift in Sources */ = {isa = PBXBuildFile; fileRef = 72FC50891E83AC61009B99F4 /* Array+MutateSpec.swift */; };
		72FC508C1E83B69B009B99F4 /* Array+Conversions.swift in Sources */ = {isa = PBXBuildFile; fileRef = 72FC508B1E83B69B009B99F4 /* Array+Conversions.swift */; };
		72FC508E1E83C851009B99F4 /* Array+ConversionsSpec.swift in Sources */ = {isa = PBXBuildFile; fileRef = 72FC508D1E83C851009B99F4 /* Array+ConversionsSpec.swift */; };
		72FC50901E83CE2E009B99F4 /* Sequence+Enumeration.swift in Sources */ = {isa = PBXBuildFile; fileRef = 72FC508F1E83CE2E009B99F4 /* Sequence+Enumeration.swift */; };
		72FC50921E83CE86009B99F4 /* Sequence+EnumerationSpec.swift in Sources */ = {isa = PBXBuildFile; fileRef = 72FC50911E83CE86009B99F4 /* Sequence+EnumerationSpec.swift */; };
		EB0B86ED90E27DC2018745E6 /* Pods_RbSwiftTests.framework in Frameworks */ = {isa = PBXBuildFile; fileRef = D0378F43074623D773B8F912 /* Pods_RbSwiftTests.framework */; };
/* End PBXBuildFile section */

/* Begin PBXContainerItemProxy section */
		724875161E7CF843007984FD /* PBXContainerItemProxy */ = {
			isa = PBXContainerItemProxy;
			containerPortal = 724874EE1E7CF813007984FD /* Project object */;
			proxyType = 1;
			remoteGlobalIDString = 724874F61E7CF813007984FD;
			remoteInfo = RbSwift;
		};
/* End PBXContainerItemProxy section */

/* Begin PBXFileReference section */
		72369CA21E8B933600C876A5 /* Date+MathSpec.swift */ = {isa = PBXFileReference; fileEncoding = 4; lastKnownFileType = sourcecode.swift; path = "Date+MathSpec.swift"; sourceTree = "<group>"; };
		723AA33F1E8AD4A20000A612 /* RegexSpec.swift */ = {isa = PBXFileReference; fileEncoding = 4; lastKnownFileType = sourcecode.swift; path = RegexSpec.swift; sourceTree = "<group>"; };
		724874FA1E7CF813007984FD /* RbSwift.h */ = {isa = PBXFileReference; lastKnownFileType = sourcecode.c.h; path = RbSwift.h; sourceTree = "<group>"; };
		724874FB1E7CF813007984FD /* Info.plist */ = {isa = PBXFileReference; lastKnownFileType = text.plist.xml; path = Info.plist; sourceTree = "<group>"; };
		724875021E7CF829007984FD /* Array+Transform.swift */ = {isa = PBXFileReference; fileEncoding = 4; lastKnownFileType = sourcecode.swift; path = "Array+Transform.swift"; sourceTree = "<group>"; };
		724875041E7CF829007984FD /* Sequence+Transform.swift */ = {isa = PBXFileReference; fileEncoding = 4; lastKnownFileType = sourcecode.swift; path = "Sequence+Transform.swift"; sourceTree = "<group>"; };
		724875141E7CF843007984FD /* Info.plist */ = {isa = PBXFileReference; lastKnownFileType = text.plist.xml; path = Info.plist; sourceTree = "<group>"; };
		7248751B1E7CF850007984FD /* Array+TransformSpec.swift */ = {isa = PBXFileReference; fileEncoding = 4; lastKnownFileType = sourcecode.swift; path = "Array+TransformSpec.swift"; sourceTree = "<group>"; };
		7248751E1E7CF850007984FD /* Sequence+TransformSpec.swift */ = {isa = PBXFileReference; fileEncoding = 4; lastKnownFileType = sourcecode.swift; path = "Sequence+TransformSpec.swift"; sourceTree = "<group>"; };
		724875251E7CF883007984FD /* Inflector.swift */ = {isa = PBXFileReference; fileEncoding = 4; lastKnownFileType = sourcecode.swift; path = Inflector.swift; sourceTree = "<group>"; };
		724875261E7CF883007984FD /* Regex.swift */ = {isa = PBXFileReference; fileEncoding = 4; lastKnownFileType = sourcecode.swift; path = Regex.swift; sourceTree = "<group>"; };
		7248753D1E7CFC95007984FD /* Duration.swift */ = {isa = PBXFileReference; fileEncoding = 4; lastKnownFileType = sourcecode.swift; path = Duration.swift; sourceTree = "<group>"; };
		72541B001E7D58E2008B49B1 /* DurationSpec.swift */ = {isa = PBXFileReference; fileEncoding = 4; lastKnownFileType = sourcecode.swift; path = DurationSpec.swift; sourceTree = "<group>"; };
		72541B031E7D5D90008B49B1 /* DateFormat.swift */ = {isa = PBXFileReference; fileEncoding = 4; lastKnownFileType = sourcecode.swift; path = DateFormat.swift; sourceTree = "<group>"; };
		72541B051E7D5DD6008B49B1 /* Date+Initialize.swift */ = {isa = PBXFileReference; fileEncoding = 4; lastKnownFileType = sourcecode.swift; path = "Date+Initialize.swift"; sourceTree = "<group>"; };
		72541B0A1E7D6771008B49B1 /* Date+TimeZone.swift */ = {isa = PBXFileReference; fileEncoding = 4; lastKnownFileType = sourcecode.swift; path = "Date+TimeZone.swift"; sourceTree = "<group>"; };
		72541B0C1E7D6803008B49B1 /* Date+TimeZoneSpec.swift */ = {isa = PBXFileReference; fileEncoding = 4; lastKnownFileType = sourcecode.swift; path = "Date+TimeZoneSpec.swift"; sourceTree = "<group>"; };
		72541B191E7D95B5008B49B1 /* MatchData.swift */ = {isa = PBXFileReference; fileEncoding = 4; lastKnownFileType = sourcecode.swift; path = MatchData.swift; sourceTree = "<group>"; };
		72541B1F1E7D96F3008B49B1 /* Date+Components.swift */ = {isa = PBXFileReference; fileEncoding = 4; lastKnownFileType = sourcecode.swift; path = "Date+Components.swift"; sourceTree = "<group>"; };
		72541B211E7D986B008B49B1 /* DateFormatSpec.swift */ = {isa = PBXFileReference; fileEncoding = 4; lastKnownFileType = sourcecode.swift; path = DateFormatSpec.swift; sourceTree = "<group>"; };
		72541B671E7E32CE008B49B1 /* Number+Bool.swift */ = {isa = PBXFileReference; fileEncoding = 4; lastKnownFileType = sourcecode.swift; path = "Number+Bool.swift"; sourceTree = "<group>"; };
		72541B681E7E32CE008B49B1 /* Number+Conversions.swift */ = {isa = PBXFileReference; fileEncoding = 4; lastKnownFileType = sourcecode.swift; path = "Number+Conversions.swift"; sourceTree = "<group>"; };
		72541B6B1E7E32D5008B49B1 /* Sequence+Length.swift */ = {isa = PBXFileReference; fileEncoding = 4; lastKnownFileType = sourcecode.swift; path = "Sequence+Length.swift"; sourceTree = "<group>"; };
		72541B6E1E7E32E1008B49B1 /* String+Access.swift */ = {isa = PBXFileReference; fileEncoding = 4; lastKnownFileType = sourcecode.swift; path = "String+Access.swift"; sourceTree = "<group>"; };
		72541B6F1E7E32E1008B49B1 /* String+Bool.swift */ = {isa = PBXFileReference; fileEncoding = 4; lastKnownFileType = sourcecode.swift; path = "String+Bool.swift"; sourceTree = "<group>"; };
		72541B701E7E32E1008B49B1 /* String+Case.swift */ = {isa = PBXFileReference; fileEncoding = 4; lastKnownFileType = sourcecode.swift; path = "String+Case.swift"; sourceTree = "<group>"; };
		72541B711E7E32E1008B49B1 /* String+Conversions.swift */ = {isa = PBXFileReference; fileEncoding = 4; lastKnownFileType = sourcecode.swift; path = "String+Conversions.swift"; sourceTree = "<group>"; };
		72541B721E7E32E1008B49B1 /* String+Enumeration.swift */ = {isa = PBXFileReference; fileEncoding = 4; lastKnownFileType = sourcecode.swift; path = "String+Enumeration.swift"; sourceTree = "<group>"; };
		72541B731E7E32E1008B49B1 /* String+Remove.swift */ = {isa = PBXFileReference; fileEncoding = 4; lastKnownFileType = sourcecode.swift; path = "String+Remove.swift"; sourceTree = "<group>"; };
		72541B741E7E32E1008B49B1 /* String+Indent.swift */ = {isa = PBXFileReference; fileEncoding = 4; lastKnownFileType = sourcecode.swift; path = "String+Indent.swift"; sourceTree = "<group>"; };
		72541B751E7E32E1008B49B1 /* String+Inflections.swift */ = {isa = PBXFileReference; fileEncoding = 4; lastKnownFileType = sourcecode.swift; path = "String+Inflections.swift"; sourceTree = "<group>"; };
		72541B761E7E32E1008B49B1 /* String+Length.swift */ = {isa = PBXFileReference; fileEncoding = 4; lastKnownFileType = sourcecode.swift; path = "String+Length.swift"; sourceTree = "<group>"; };
		72541B771E7E32E1008B49B1 /* String+Operator.swift */ = {isa = PBXFileReference; fileEncoding = 4; lastKnownFileType = sourcecode.swift; path = "String+Operator.swift"; sourceTree = "<group>"; };
		72541B781E7E32E1008B49B1 /* String+Regex.swift */ = {isa = PBXFileReference; fileEncoding = 4; lastKnownFileType = sourcecode.swift; path = "String+Regex.swift"; sourceTree = "<group>"; };
		72541B791E7E32E1008B49B1 /* String+Transform.swift */ = {isa = PBXFileReference; fileEncoding = 4; lastKnownFileType = sourcecode.swift; path = "String+Transform.swift"; sourceTree = "<group>"; };
		72541B871E7E32F2008B49B1 /* Date+ComponentsSpec.swift */ = {isa = PBXFileReference; fileEncoding = 4; lastKnownFileType = sourcecode.swift; path = "Date+ComponentsSpec.swift"; sourceTree = "<group>"; };
		72541B881E7E32F2008B49B1 /* Date+InitializeSpec.swift */ = {isa = PBXFileReference; fileEncoding = 4; lastKnownFileType = sourcecode.swift; path = "Date+InitializeSpec.swift"; sourceTree = "<group>"; };
		72541B8B1E7E32FA008B49B1 /* Number+BoolSpec.swift */ = {isa = PBXFileReference; fileEncoding = 4; lastKnownFileType = sourcecode.swift; path = "Number+BoolSpec.swift"; sourceTree = "<group>"; };
		72541B8C1E7E32FA008B49B1 /* Number+ConversionsSpec.swift */ = {isa = PBXFileReference; fileEncoding = 4; lastKnownFileType = sourcecode.swift; path = "Number+ConversionsSpec.swift"; sourceTree = "<group>"; };
		72541B8F1E7E3301008B49B1 /* Sequence+LengthSpec.swift */ = {isa = PBXFileReference; fileEncoding = 4; lastKnownFileType = sourcecode.swift; path = "Sequence+LengthSpec.swift"; sourceTree = "<group>"; };
		72541B911E7E330A008B49B1 /* String+AccessSpec.swift */ = {isa = PBXFileReference; fileEncoding = 4; lastKnownFileType = sourcecode.swift; path = "String+AccessSpec.swift"; sourceTree = "<group>"; };
		72541B921E7E330A008B49B1 /* String+BoolSpec.swift */ = {isa = PBXFileReference; fileEncoding = 4; lastKnownFileType = sourcecode.swift; path = "String+BoolSpec.swift"; sourceTree = "<group>"; };
		72541B931E7E330A008B49B1 /* String+CaseSpec.swift */ = {isa = PBXFileReference; fileEncoding = 4; lastKnownFileType = sourcecode.swift; path = "String+CaseSpec.swift"; sourceTree = "<group>"; };
		72541B941E7E330A008B49B1 /* String+ConversionsSpec.swift */ = {isa = PBXFileReference; fileEncoding = 4; lastKnownFileType = sourcecode.swift; path = "String+ConversionsSpec.swift"; sourceTree = "<group>"; };
		72541B951E7E330A008B49B1 /* String+EnumerationSpec.swift */ = {isa = PBXFileReference; fileEncoding = 4; lastKnownFileType = sourcecode.swift; path = "String+EnumerationSpec.swift"; sourceTree = "<group>"; };
		72541B961E7E330A008B49B1 /* String+RemoveSpec.swift */ = {isa = PBXFileReference; fileEncoding = 4; lastKnownFileType = sourcecode.swift; path = "String+RemoveSpec.swift"; sourceTree = "<group>"; };
		72541B971E7E330A008B49B1 /* String+IndentSpec.swift */ = {isa = PBXFileReference; fileEncoding = 4; lastKnownFileType = sourcecode.swift; path = "String+IndentSpec.swift"; sourceTree = "<group>"; };
		72541B981E7E330A008B49B1 /* String+InflectionSpec.swift */ = {isa = PBXFileReference; fileEncoding = 4; lastKnownFileType = sourcecode.swift; path = "String+InflectionSpec.swift"; sourceTree = "<group>"; };
		72541B991E7E330A008B49B1 /* String+LengthSpec.swift */ = {isa = PBXFileReference; fileEncoding = 4; lastKnownFileType = sourcecode.swift; path = "String+LengthSpec.swift"; sourceTree = "<group>"; };
		72541B9A1E7E330A008B49B1 /* String+OperatorSpec.swift */ = {isa = PBXFileReference; fileEncoding = 4; lastKnownFileType = sourcecode.swift; path = "String+OperatorSpec.swift"; sourceTree = "<group>"; };
		72541B9B1E7E330A008B49B1 /* String+RegexSpec.swift */ = {isa = PBXFileReference; fileEncoding = 4; lastKnownFileType = sourcecode.swift; path = "String+RegexSpec.swift"; sourceTree = "<group>"; };
		72541B9D1E7E330A008B49B1 /* String+TransformSpec.swift */ = {isa = PBXFileReference; fileEncoding = 4; lastKnownFileType = sourcecode.swift; path = "String+TransformSpec.swift"; sourceTree = "<group>"; };
		72541BAB1E7E3384008B49B1 /* Duration+Relative.swift */ = {isa = PBXFileReference; fileEncoding = 4; lastKnownFileType = sourcecode.swift; path = "Duration+Relative.swift"; sourceTree = "<group>"; };
		72541BAD1E7E33A3008B49B1 /* Duration+Components.swift */ = {isa = PBXFileReference; fileEncoding = 4; lastKnownFileType = sourcecode.swift; path = "Duration+Components.swift"; sourceTree = "<group>"; };
		72541BAF1E7E33C1008B49B1 /* Duration+Conversions.swift */ = {isa = PBXFileReference; fileEncoding = 4; lastKnownFileType = sourcecode.swift; path = "Duration+Conversions.swift"; sourceTree = "<group>"; };
		72541BB11E7E33F9008B49B1 /* Duration+Comparable.swift */ = {isa = PBXFileReference; fileEncoding = 4; lastKnownFileType = sourcecode.swift; path = "Duration+Comparable.swift"; sourceTree = "<group>"; };
		72541BB31E7E34C4008B49B1 /* Date+Conversions.swift */ = {isa = PBXFileReference; fileEncoding = 4; lastKnownFileType = sourcecode.swift; path = "Date+Conversions.swift"; sourceTree = "<group>"; };
		727738871E8025BF008E83E6 /* Number+Enumeration.swift */ = {isa = PBXFileReference; fileEncoding = 4; lastKnownFileType = sourcecode.swift; path = "Number+Enumeration.swift"; sourceTree = "<group>"; };
		727738891E802652008E83E6 /* Number+EnumerationSpec.swift */ = {isa = PBXFileReference; fileEncoding = 4; lastKnownFileType = sourcecode.swift; path = "Number+EnumerationSpec.swift"; sourceTree = "<group>"; };
		7277388B1E8034C1008E83E6 /* Number+Math.swift */ = {isa = PBXFileReference; fileEncoding = 4; lastKnownFileType = sourcecode.swift; path = "Number+Math.swift"; sourceTree = "<group>"; };
		7277388D1E8045A4008E83E6 /* Number+AbsoluteValue.swift */ = {isa = PBXFileReference; fileEncoding = 4; lastKnownFileType = sourcecode.swift; path = "Number+AbsoluteValue.swift"; sourceTree = "<group>"; };
		7277388F1E8047D6008E83E6 /* Number+AbsoluteValueSpec.swift */ = {isa = PBXFileReference; fileEncoding = 4; lastKnownFileType = sourcecode.swift; path = "Number+AbsoluteValueSpec.swift"; sourceTree = "<group>"; };
		727738911E815F29008E83E6 /* Number+DurationSpec.swift */ = {isa = PBXFileReference; fileEncoding = 4; lastKnownFileType = sourcecode.swift; path = "Number+DurationSpec.swift"; sourceTree = "<group>"; };
		727738931E81810A008E83E6 /* Array+Operator.swift */ = {isa = PBXFileReference; fileEncoding = 4; lastKnownFileType = sourcecode.swift; path = "Array+Operator.swift"; sourceTree = "<group>"; };
		727738951E8182F0008E83E6 /* Sequence+Conversions.swift */ = {isa = PBXFileReference; fileEncoding = 4; lastKnownFileType = sourcecode.swift; path = "Sequence+Conversions.swift"; sourceTree = "<group>"; };
		727738971E82B2A3008E83E6 /* Sequence+Bool.swift */ = {isa = PBXFileReference; fileEncoding = 4; lastKnownFileType = sourcecode.swift; path = "Sequence+Bool.swift"; sourceTree = "<group>"; };
		727738991E82B4B0008E83E6 /* Sequence+Equatable.swift */ = {isa = PBXFileReference; fileEncoding = 4; lastKnownFileType = sourcecode.swift; path = "Sequence+Equatable.swift"; sourceTree = "<group>"; };
		7277389B1E82B4CE008E83E6 /* Sequence+EquatableSpec.swift */ = {isa = PBXFileReference; fileEncoding = 4; lastKnownFileType = sourcecode.swift; path = "Sequence+EquatableSpec.swift"; sourceTree = "<group>"; };
		7277389D1E82B4D7008E83E6 /* Sequence+BoolSpec.swift */ = {isa = PBXFileReference; fileEncoding = 4; lastKnownFileType = sourcecode.swift; path = "Sequence+BoolSpec.swift"; sourceTree = "<group>"; };
		7277389F1E82B932008E83E6 /* Array+Bool.swift */ = {isa = PBXFileReference; fileEncoding = 4; lastKnownFileType = sourcecode.swift; path = "Array+Bool.swift"; sourceTree = "<group>"; };
		727738A11E82B9AB008E83E6 /* Array+BoolSpec.swift */ = {isa = PBXFileReference; fileEncoding = 4; lastKnownFileType = sourcecode.swift; path = "Array+BoolSpec.swift"; sourceTree = "<group>"; };
		727738A31E82B9DB008E83E6 /* Array+OperatorSpec.swift */ = {isa = PBXFileReference; fileEncoding = 4; lastKnownFileType = sourcecode.swift; path = "Array+OperatorSpec.swift"; sourceTree = "<group>"; };
		727738A71E8404B8008E83E6 /* Array+EquatableSpec.swift */ = {isa = PBXFileReference; fileEncoding = 4; lastKnownFileType = sourcecode.swift; path = "Array+EquatableSpec.swift"; sourceTree = "<group>"; };
		727738AD1E84AE87008E83E6 /* Array+Access.swift */ = {isa = PBXFileReference; fileEncoding = 4; lastKnownFileType = sourcecode.swift; path = "Array+Access.swift"; sourceTree = "<group>"; };
		727738B11E84AFDD008E83E6 /* Array+AccessSpec.swift */ = {isa = PBXFileReference; fileEncoding = 4; lastKnownFileType = sourcecode.swift; path = "Array+AccessSpec.swift"; sourceTree = "<group>"; };
		729D3D4C1E7E355300258333 /* InflectorRule.swift */ = {isa = PBXFileReference; fileEncoding = 4; lastKnownFileType = sourcecode.swift; path = InflectorRule.swift; sourceTree = "<group>"; };
		729D3D501E7E385E00258333 /* Duration+RelativeSpec.swift */ = {isa = PBXFileReference; fileEncoding = 4; lastKnownFileType = sourcecode.swift; path = "Duration+RelativeSpec.swift"; sourceTree = "<group>"; };
		729D3D521E7E387E00258333 /* Number+Duration.swift */ = {isa = PBXFileReference; fileEncoding = 4; lastKnownFileType = sourcecode.swift; path = "Number+Duration.swift"; sourceTree = "<group>"; };
		729D3D541E7E5F7100258333 /* Date+Time.swift */ = {isa = PBXFileReference; fileEncoding = 4; lastKnownFileType = sourcecode.swift; path = "Date+Time.swift"; sourceTree = "<group>"; };
		729D3D561E7E63F200258333 /* Duration+Math.swift */ = {isa = PBXFileReference; fileEncoding = 4; lastKnownFileType = sourcecode.swift; path = "Duration+Math.swift"; sourceTree = "<group>"; };
		729D3D581E7E651600258333 /* Duration+MathSpec.swift */ = {isa = PBXFileReference; fileEncoding = 4; lastKnownFileType = sourcecode.swift; path = "Duration+MathSpec.swift"; sourceTree = "<group>"; };
		729D3D5A1E7E68A900258333 /* Date+Math.swift */ = {isa = PBXFileReference; fileEncoding = 4; lastKnownFileType = sourcecode.swift; path = "Date+Math.swift"; sourceTree = "<group>"; };
		729D3D5C1E7EB46900258333 /* String+Chars.swift */ = {isa = PBXFileReference; fileEncoding = 4; lastKnownFileType = sourcecode.swift; path = "String+Chars.swift"; sourceTree = "<group>"; };
		729D3D5E1E7EB51700258333 /* String+CharsSpec.swift */ = {isa = PBXFileReference; fileEncoding = 4; lastKnownFileType = sourcecode.swift; path = "String+CharsSpec.swift"; sourceTree = "<group>"; };
		72A218F31E7F8A7100EF65C9 /* Pods-RbSwift.debug.xcconfig */ = {isa = PBXFileReference; fileEncoding = 4; lastKnownFileType = text.xcconfig; name = "Pods-RbSwift.debug.xcconfig"; path = "Pods/Target Support Files/Pods-RbSwift/Pods-RbSwift.debug.xcconfig"; sourceTree = "<group>"; };
		72A218F41E7F8A7100EF65C9 /* Pods-RbSwift.release.xcconfig */ = {isa = PBXFileReference; fileEncoding = 4; lastKnownFileType = text.xcconfig; name = "Pods-RbSwift.release.xcconfig"; path = "Pods/Target Support Files/Pods-RbSwift/Pods-RbSwift.release.xcconfig"; sourceTree = "<group>"; };
		72A218F71E7F8A7D00EF65C9 /* Pods-RbSwiftTests.debug.xcconfig */ = {isa = PBXFileReference; fileEncoding = 4; lastKnownFileType = text.xcconfig; name = "Pods-RbSwiftTests.debug.xcconfig"; path = "Pods/Target Support Files/Pods-RbSwiftTests/Pods-RbSwiftTests.debug.xcconfig"; sourceTree = "<group>"; };
		72A218F81E7F8A7D00EF65C9 /* Pods-RbSwiftTests.release.xcconfig */ = {isa = PBXFileReference; fileEncoding = 4; lastKnownFileType = text.xcconfig; name = "Pods-RbSwiftTests.release.xcconfig"; path = "Pods/Target Support Files/Pods-RbSwiftTests/Pods-RbSwiftTests.release.xcconfig"; sourceTree = "<group>"; };
		72A218FB1E7F8A9B00EF65C9 /* RbSwift.framework */ = {isa = PBXFileReference; explicitFileType = wrapper.framework; includeInIndex = 0; path = RbSwift.framework; sourceTree = BUILT_PRODUCTS_DIR; };
		72A218FC1E7F8A9B00EF65C9 /* RbSwiftTests.xctest */ = {isa = PBXFileReference; explicitFileType = wrapper.cfbundle; includeInIndex = 0; path = RbSwiftTests.xctest; sourceTree = BUILT_PRODUCTS_DIR; };
		72A218FD1E7FB38E00EF65C9 /* RegexConvertible.swift */ = {isa = PBXFileReference; fileEncoding = 4; lastKnownFileType = sourcecode.swift; path = RegexConvertible.swift; sourceTree = "<group>"; };
		72A218FF1E80C76500EF65C9 /* Number+MathSpec.swift */ = {isa = PBXFileReference; fileEncoding = 4; lastKnownFileType = sourcecode.swift; path = "Number+MathSpec.swift"; sourceTree = "<group>"; };
		72A219011E80CE1600EF65C9 /* Number+Exponentiative.swift */ = {isa = PBXFileReference; fileEncoding = 4; lastKnownFileType = sourcecode.swift; path = "Number+Exponentiative.swift"; sourceTree = "<group>"; };
		72A219031E80D28100EF65C9 /* Number+ExponentiativeSpec.swift */ = {isa = PBXFileReference; fileEncoding = 4; lastKnownFileType = sourcecode.swift; path = "Number+ExponentiativeSpec.swift"; sourceTree = "<group>"; };
		72B79D2B1E84CC5500BF7C35 /* Array+Equatable.swift */ = {isa = PBXFileReference; fileEncoding = 4; lastKnownFileType = sourcecode.swift; path = "Array+Equatable.swift"; sourceTree = "<group>"; };
		72E276A71E8BE86C00F41D1B /* Date+TimeSpec.swift */ = {isa = PBXFileReference; fileEncoding = 4; lastKnownFileType = sourcecode.swift; path = "Date+TimeSpec.swift"; sourceTree = "<group>"; };
		72E276A91E8BF1E700F41D1B /* Date+Bool.swift */ = {isa = PBXFileReference; fileEncoding = 4; lastKnownFileType = sourcecode.swift; path = "Date+Bool.swift"; sourceTree = "<group>"; };
		72E276AB1E8BF38300F41D1B /* Date+BoolSpec.swift */ = {isa = PBXFileReference; fileEncoding = 4; lastKnownFileType = sourcecode.swift; path = "Date+BoolSpec.swift"; sourceTree = "<group>"; };
		72FC50871E83AC3B009B99F4 /* Array+Mutate.swift */ = {isa = PBXFileReference; fileEncoding = 4; lastKnownFileType = sourcecode.swift; path = "Array+Mutate.swift"; sourceTree = "<group>"; };
		72FC50891E83AC61009B99F4 /* Array+MutateSpec.swift */ = {isa = PBXFileReference; fileEncoding = 4; lastKnownFileType = sourcecode.swift; path = "Array+MutateSpec.swift"; sourceTree = "<group>"; };
		72FC508B1E83B69B009B99F4 /* Array+Conversions.swift */ = {isa = PBXFileReference; fileEncoding = 4; lastKnownFileType = sourcecode.swift; path = "Array+Conversions.swift"; sourceTree = "<group>"; };
		72FC508D1E83C851009B99F4 /* Array+ConversionsSpec.swift */ = {isa = PBXFileReference; fileEncoding = 4; lastKnownFileType = sourcecode.swift; path = "Array+ConversionsSpec.swift"; sourceTree = "<group>"; };
		72FC508F1E83CE2E009B99F4 /* Sequence+Enumeration.swift */ = {isa = PBXFileReference; fileEncoding = 4; lastKnownFileType = sourcecode.swift; path = "Sequence+Enumeration.swift"; sourceTree = "<group>"; };
		72FC50911E83CE86009B99F4 /* Sequence+EnumerationSpec.swift */ = {isa = PBXFileReference; fileEncoding = 4; lastKnownFileType = sourcecode.swift; path = "Sequence+EnumerationSpec.swift"; sourceTree = "<group>"; };
		AEEBAC1B2C123BC22AA8381D /* Pods_RbSwift.framework */ = {isa = PBXFileReference; explicitFileType = wrapper.framework; includeInIndex = 0; path = Pods_RbSwift.framework; sourceTree = BUILT_PRODUCTS_DIR; };
		D0378F43074623D773B8F912 /* Pods_RbSwiftTests.framework */ = {isa = PBXFileReference; explicitFileType = wrapper.framework; includeInIndex = 0; path = Pods_RbSwiftTests.framework; sourceTree = BUILT_PRODUCTS_DIR; };
/* End PBXFileReference section */

/* Begin PBXFrameworksBuildPhase section */
		724874F31E7CF813007984FD /* Frameworks */ = {
			isa = PBXFrameworksBuildPhase;
			buildActionMask = 2147483647;
			files = (
				1734AE0417F567A72978FAC4 /* Pods_RbSwift.framework in Frameworks */,
			);
			runOnlyForDeploymentPostprocessing = 0;
		};
		7248750D1E7CF843007984FD /* Frameworks */ = {
			isa = PBXFrameworksBuildPhase;
			buildActionMask = 2147483647;
			files = (
				EB0B86ED90E27DC2018745E6 /* Pods_RbSwiftTests.framework in Frameworks */,
			);
			runOnlyForDeploymentPostprocessing = 0;
		};
/* End PBXFrameworksBuildPhase section */

/* Begin PBXGroup section */
		28D74309F6A6B8E1E2C4BCA2 /* Pods */ = {
			isa = PBXGroup;
			children = (
				72A218F71E7F8A7D00EF65C9 /* Pods-RbSwiftTests.debug.xcconfig */,
				72A218F81E7F8A7D00EF65C9 /* Pods-RbSwiftTests.release.xcconfig */,
				72A218F31E7F8A7100EF65C9 /* Pods-RbSwift.debug.xcconfig */,
				72A218F41E7F8A7100EF65C9 /* Pods-RbSwift.release.xcconfig */,
			);
			name = Pods;
			sourceTree = "<group>";
		};
		7062BA3357BD5C5CD6608FDD /* Frameworks */ = {
			isa = PBXGroup;
			children = (
				AEEBAC1B2C123BC22AA8381D /* Pods_RbSwift.framework */,
				D0378F43074623D773B8F912 /* Pods_RbSwiftTests.framework */,
			);
			name = Frameworks;
			sourceTree = "<group>";
		};
		723AA33E1E8AD4970000A612 /* Regex */ = {
			isa = PBXGroup;
			children = (
				723AA33F1E8AD4A20000A612 /* RegexSpec.swift */,
			);
			path = Regex;
			sourceTree = "<group>";
		};
		724874ED1E7CF813007984FD = {
			isa = PBXGroup;
			children = (
				7062BA3357BD5C5CD6608FDD /* Frameworks */,
				28D74309F6A6B8E1E2C4BCA2 /* Pods */,
				724875111E7CF843007984FD /* RbSwiftTests */,
				724874F91E7CF813007984FD /* Sources */,
				72A218FB1E7F8A9B00EF65C9 /* RbSwift.framework */,
				72A218FC1E7F8A9B00EF65C9 /* RbSwiftTests.xctest */,
			);
			sourceTree = "<group>";
		};
		724874F91E7CF813007984FD /* Sources */ = {
			isa = PBXGroup;
			children = (
				72541B5F1E7E2EDE008B49B1 /* Array */,
				72541B021E7D5D71008B49B1 /* Date */,
				7248753C1E7CFC8C007984FD /* Duration */,
				72541B1B1E7D95DC008B49B1 /* Inflector */,
				72541B601E7E2EEE008B49B1 /* Number */,
				72541B181E7D95AB008B49B1 /* Regex */,
				72541B591E7E2DF7008B49B1 /* Sequence */,
				724875361E7CF89F007984FD /* String */,
				724874FB1E7CF813007984FD /* Info.plist */,
				724874FA1E7CF813007984FD /* RbSwift.h */,
			);
			name = Sources;
			path = Sources;
			sourceTree = "<group>";
		};
		724875111E7CF843007984FD /* RbSwiftTests */ = {
			isa = PBXGroup;
			children = (
				72541B611E7E2EFA008B49B1 /* Array */,
				72541B071E7D629E008B49B1 /* Date */,
				7248753F1E7CFF96007984FD /* Duration */,
				72541B621E7E2F07008B49B1 /* Number */,
				723AA33E1E8AD4970000A612 /* Regex */,
				72541B5C1E7E2E0B008B49B1 /* Sequence */,
				72541B1C1E7D9617008B49B1 /* String */,
				724875141E7CF843007984FD /* Info.plist */,
			);
			path = RbSwiftTests;
			sourceTree = "<group>";
		};
		724875361E7CF89F007984FD /* String */ = {
			isa = PBXGroup;
			children = (
				72541B6E1E7E32E1008B49B1 /* String+Access.swift */,
				72541B6F1E7E32E1008B49B1 /* String+Bool.swift */,
				72541B701E7E32E1008B49B1 /* String+Case.swift */,
				729D3D5C1E7EB46900258333 /* String+Chars.swift */,
				72541B711E7E32E1008B49B1 /* String+Conversions.swift */,
				72541B721E7E32E1008B49B1 /* String+Enumeration.swift */,
				72541B741E7E32E1008B49B1 /* String+Indent.swift */,
				72541B751E7E32E1008B49B1 /* String+Inflections.swift */,
				72541B761E7E32E1008B49B1 /* String+Length.swift */,
				72541B771E7E32E1008B49B1 /* String+Operator.swift */,
				72541B781E7E32E1008B49B1 /* String+Regex.swift */,
				72541B731E7E32E1008B49B1 /* String+Remove.swift */,
				72541B791E7E32E1008B49B1 /* String+Transform.swift */,
			);
			path = String;
			sourceTree = "<group>";
		};
		7248753C1E7CFC8C007984FD /* Duration */ = {
			isa = PBXGroup;
			children = (
				72541BB11E7E33F9008B49B1 /* Duration+Comparable.swift */,
				72541BAD1E7E33A3008B49B1 /* Duration+Components.swift */,
				72541BAF1E7E33C1008B49B1 /* Duration+Conversions.swift */,
				729D3D561E7E63F200258333 /* Duration+Math.swift */,
				72541BAB1E7E3384008B49B1 /* Duration+Relative.swift */,
				7248753D1E7CFC95007984FD /* Duration.swift */,
			);
			path = Duration;
			sourceTree = "<group>";
		};
		7248753F1E7CFF96007984FD /* Duration */ = {
			isa = PBXGroup;
			children = (
				729D3D581E7E651600258333 /* Duration+MathSpec.swift */,
				729D3D501E7E385E00258333 /* Duration+RelativeSpec.swift */,
				72541B001E7D58E2008B49B1 /* DurationSpec.swift */,
			);
			path = Duration;
			sourceTree = "<group>";
		};
		72541B021E7D5D71008B49B1 /* Date */ = {
			isa = PBXGroup;
			children = (
				729D3D4B1E7E353000258333 /* DateFormat */,
				72E276A91E8BF1E700F41D1B /* Date+Bool.swift */,
				72541B1F1E7D96F3008B49B1 /* Date+Components.swift */,
				72541BB31E7E34C4008B49B1 /* Date+Conversions.swift */,
				72541B051E7D5DD6008B49B1 /* Date+Initialize.swift */,
				729D3D5A1E7E68A900258333 /* Date+Math.swift */,
				729D3D541E7E5F7100258333 /* Date+Time.swift */,
				72541B0A1E7D6771008B49B1 /* Date+TimeZone.swift */,
			);
			path = Date;
			sourceTree = "<group>";
		};
		72541B071E7D629E008B49B1 /* Date */ = {
			isa = PBXGroup;
			children = (
				72E276AB1E8BF38300F41D1B /* Date+BoolSpec.swift */,
				72541B871E7E32F2008B49B1 /* Date+ComponentsSpec.swift */,
				72541B881E7E32F2008B49B1 /* Date+InitializeSpec.swift */,
				72369CA21E8B933600C876A5 /* Date+MathSpec.swift */,
				72E276A71E8BE86C00F41D1B /* Date+TimeSpec.swift */,
				72541B0C1E7D6803008B49B1 /* Date+TimeZoneSpec.swift */,
				72541B211E7D986B008B49B1 /* DateFormatSpec.swift */,
			);
			path = Date;
			sourceTree = "<group>";
		};
		72541B181E7D95AB008B49B1 /* Regex */ = {
			isa = PBXGroup;
			children = (
				72541B191E7D95B5008B49B1 /* MatchData.swift */,
				724875261E7CF883007984FD /* Regex.swift */,
				72A218FD1E7FB38E00EF65C9 /* RegexConvertible.swift */,
			);
			path = Regex;
			sourceTree = "<group>";
		};
		72541B1B1E7D95DC008B49B1 /* Inflector */ = {
			isa = PBXGroup;
			children = (
				724875251E7CF883007984FD /* Inflector.swift */,
				729D3D4C1E7E355300258333 /* InflectorRule.swift */,
			);
			path = Inflector;
			sourceTree = "<group>";
		};
		72541B1C1E7D9617008B49B1 /* String */ = {
			isa = PBXGroup;
			children = (
				72541B911E7E330A008B49B1 /* String+AccessSpec.swift */,
				72541B921E7E330A008B49B1 /* String+BoolSpec.swift */,
				72541B931E7E330A008B49B1 /* String+CaseSpec.swift */,
				729D3D5E1E7EB51700258333 /* String+CharsSpec.swift */,
				72541B941E7E330A008B49B1 /* String+ConversionsSpec.swift */,
				72541B951E7E330A008B49B1 /* String+EnumerationSpec.swift */,
				72541B971E7E330A008B49B1 /* String+IndentSpec.swift */,
				72541B981E7E330A008B49B1 /* String+InflectionSpec.swift */,
				72541B991E7E330A008B49B1 /* String+LengthSpec.swift */,
				72541B9A1E7E330A008B49B1 /* String+OperatorSpec.swift */,
				72541B9B1E7E330A008B49B1 /* String+RegexSpec.swift */,
				72541B961E7E330A008B49B1 /* String+RemoveSpec.swift */,
				72541B9D1E7E330A008B49B1 /* String+TransformSpec.swift */,
			);
			path = String;
			sourceTree = "<group>";
		};
		72541B591E7E2DF7008B49B1 /* Sequence */ = {
			isa = PBXGroup;
			children = (
				727738971E82B2A3008E83E6 /* Sequence+Bool.swift */,
				727738951E8182F0008E83E6 /* Sequence+Conversions.swift */,
				72FC508F1E83CE2E009B99F4 /* Sequence+Enumeration.swift */,
				727738991E82B4B0008E83E6 /* Sequence+Equatable.swift */,
				72541B6B1E7E32D5008B49B1 /* Sequence+Length.swift */,
				724875041E7CF829007984FD /* Sequence+Transform.swift */,
			);
			path = Sequence;
			sourceTree = "<group>";
		};
		72541B5C1E7E2E0B008B49B1 /* Sequence */ = {
			isa = PBXGroup;
			children = (
				7277389D1E82B4D7008E83E6 /* Sequence+BoolSpec.swift */,
				72FC50911E83CE86009B99F4 /* Sequence+EnumerationSpec.swift */,
				7277389B1E82B4CE008E83E6 /* Sequence+EquatableSpec.swift */,
				72541B8F1E7E3301008B49B1 /* Sequence+LengthSpec.swift */,
				7248751E1E7CF850007984FD /* Sequence+TransformSpec.swift */,
			);
			path = Sequence;
			sourceTree = "<group>";
		};
		72541B5F1E7E2EDE008B49B1 /* Array */ = {
			isa = PBXGroup;
			children = (
				727738AD1E84AE87008E83E6 /* Array+Access.swift */,
				7277389F1E82B932008E83E6 /* Array+Bool.swift */,
				72FC508B1E83B69B009B99F4 /* Array+Conversions.swift */,
				72B79D2B1E84CC5500BF7C35 /* Array+Equatable.swift */,
				72FC50871E83AC3B009B99F4 /* Array+Mutate.swift */,
				727738931E81810A008E83E6 /* Array+Operator.swift */,
				724875021E7CF829007984FD /* Array+Transform.swift */,
			);
			path = Array;
			sourceTree = "<group>";
		};
		72541B601E7E2EEE008B49B1 /* Number */ = {
			isa = PBXGroup;
			children = (
				7277388D1E8045A4008E83E6 /* Number+AbsoluteValue.swift */,
				72541B671E7E32CE008B49B1 /* Number+Bool.swift */,
				72541B681E7E32CE008B49B1 /* Number+Conversions.swift */,
				729D3D521E7E387E00258333 /* Number+Duration.swift */,
				727738871E8025BF008E83E6 /* Number+Enumeration.swift */,
				72A219011E80CE1600EF65C9 /* Number+Exponentiative.swift */,
				7277388B1E8034C1008E83E6 /* Number+Math.swift */,
			);
			path = Number;
			sourceTree = "<group>";
		};
		72541B611E7E2EFA008B49B1 /* Array */ = {
			isa = PBXGroup;
			children = (
				727738B11E84AFDD008E83E6 /* Array+AccessSpec.swift */,
				727738A11E82B9AB008E83E6 /* Array+BoolSpec.swift */,
				72FC508D1E83C851009B99F4 /* Array+ConversionsSpec.swift */,
				727738A71E8404B8008E83E6 /* Array+EquatableSpec.swift */,
				72FC50891E83AC61009B99F4 /* Array+MutateSpec.swift */,
				727738A31E82B9DB008E83E6 /* Array+OperatorSpec.swift */,
				7248751B1E7CF850007984FD /* Array+TransformSpec.swift */,
			);
			path = Array;
			sourceTree = "<group>";
		};
		72541B621E7E2F07008B49B1 /* Number */ = {
			isa = PBXGroup;
			children = (
				7277388F1E8047D6008E83E6 /* Number+AbsoluteValueSpec.swift */,
				72541B8B1E7E32FA008B49B1 /* Number+BoolSpec.swift */,
				72541B8C1E7E32FA008B49B1 /* Number+ConversionsSpec.swift */,
				727738911E815F29008E83E6 /* Number+DurationSpec.swift */,
				727738891E802652008E83E6 /* Number+EnumerationSpec.swift */,
				72A219031E80D28100EF65C9 /* Number+ExponentiativeSpec.swift */,
				72A218FF1E80C76500EF65C9 /* Number+MathSpec.swift */,
			);
			path = Number;
			sourceTree = "<group>";
		};
		729D3D4B1E7E353000258333 /* DateFormat */ = {
			isa = PBXGroup;
			children = (
				72541B031E7D5D90008B49B1 /* DateFormat.swift */,
			);
			path = DateFormat;
			sourceTree = "<group>";
		};
/* End PBXGroup section */

/* Begin PBXHeadersBuildPhase section */
		724874F41E7CF813007984FD /* Headers */ = {
			isa = PBXHeadersBuildPhase;
			buildActionMask = 2147483647;
			files = (
				724874FC1E7CF813007984FD /* RbSwift.h in Headers */,
			);
			runOnlyForDeploymentPostprocessing = 0;
		};
/* End PBXHeadersBuildPhase section */

/* Begin PBXNativeTarget section */
		724874F61E7CF813007984FD /* RbSwift */ = {
			isa = PBXNativeTarget;
			buildConfigurationList = 724874FF1E7CF813007984FD /* Build configuration list for PBXNativeTarget "RbSwift" */;
			buildPhases = (
				4DCF6241C8DF547B34F8D93B /* [CP] Check Pods Manifest.lock */,
				724874F21E7CF813007984FD /* Sources */,
				724874F31E7CF813007984FD /* Frameworks */,
				724874F41E7CF813007984FD /* Headers */,
				724874F51E7CF813007984FD /* Resources */,
				CBD53C83D644EC616A98EEFE /* [CP] Copy Pods Resources */,
			);
			buildRules = (
			);
			dependencies = (
			);
			name = RbSwift;
			productName = RbSwift;
			productReference = 72A218FB1E7F8A9B00EF65C9 /* RbSwift.framework */;
			productType = "com.apple.product-type.framework";
		};
		7248750F1E7CF843007984FD /* RbSwiftTests */ = {
			isa = PBXNativeTarget;
			buildConfigurationList = 724875181E7CF843007984FD /* Build configuration list for PBXNativeTarget "RbSwiftTests" */;
			buildPhases = (
				851F64947C5FBD485E7C80EC /* [CP] Check Pods Manifest.lock */,
				7248750C1E7CF843007984FD /* Sources */,
				7248750D1E7CF843007984FD /* Frameworks */,
				7248750E1E7CF843007984FD /* Resources */,
				C1C4F2BCFCC712491111A282 /* [CP] Embed Pods Frameworks */,
				84E97CD757D24711F4B814CE /* [CP] Copy Pods Resources */,
			);
			buildRules = (
			);
			dependencies = (
				724875171E7CF843007984FD /* PBXTargetDependency */,
			);
			name = RbSwiftTests;
			productName = RbSwiftTests;
			productReference = 72A218FC1E7F8A9B00EF65C9 /* RbSwiftTests.xctest */;
			productType = "com.apple.product-type.bundle.unit-test";
		};
/* End PBXNativeTarget section */

/* Begin PBXProject section */
		724874EE1E7CF813007984FD /* Project object */ = {
			isa = PBXProject;
			attributes = {
				LastSwiftUpdateCheck = 0820;
				LastUpgradeCheck = 0830;
				ORGANIZATIONNAME = draveness;
				TargetAttributes = {
					724874F61E7CF813007984FD = {
						CreatedOnToolsVersion = 8.2.1;
						LastSwiftMigration = 0830;
						ProvisioningStyle = Automatic;
					};
					7248750F1E7CF843007984FD = {
						CreatedOnToolsVersion = 8.2.1;
						ProvisioningStyle = Automatic;
					};
				};
			};
			buildConfigurationList = 724874F11E7CF813007984FD /* Build configuration list for PBXProject "RbSwift" */;
			compatibilityVersion = "Xcode 3.2";
			developmentRegion = English;
			hasScannedForEncodings = 0;
			knownRegions = (
				en,
			);
			mainGroup = 724874ED1E7CF813007984FD;
			productRefGroup = 724874ED1E7CF813007984FD;
			projectDirPath = "";
			projectRoot = "";
			targets = (
				724874F61E7CF813007984FD /* RbSwift */,
				7248750F1E7CF843007984FD /* RbSwiftTests */,
			);
		};
/* End PBXProject section */

/* Begin PBXResourcesBuildPhase section */
		724874F51E7CF813007984FD /* Resources */ = {
			isa = PBXResourcesBuildPhase;
			buildActionMask = 2147483647;
			files = (
			);
			runOnlyForDeploymentPostprocessing = 0;
		};
		7248750E1E7CF843007984FD /* Resources */ = {
			isa = PBXResourcesBuildPhase;
			buildActionMask = 2147483647;
			files = (
			);
			runOnlyForDeploymentPostprocessing = 0;
		};
/* End PBXResourcesBuildPhase section */

/* Begin PBXShellScriptBuildPhase section */
		4DCF6241C8DF547B34F8D93B /* [CP] Check Pods Manifest.lock */ = {
			isa = PBXShellScriptBuildPhase;
			buildActionMask = 2147483647;
			files = (
			);
			inputPaths = (
			);
			name = "[CP] Check Pods Manifest.lock";
			outputPaths = (
			);
			runOnlyForDeploymentPostprocessing = 0;
			shellPath = /bin/sh;
			shellScript = "diff \"${PODS_ROOT}/../Podfile.lock\" \"${PODS_ROOT}/Manifest.lock\" > /dev/null\nif [ $? != 0 ] ; then\n    # print error to STDERR\n    echo \"error: The sandbox is not in sync with the Podfile.lock. Run 'pod install' or update your CocoaPods installation.\" >&2\n    exit 1\nfi\n";
			showEnvVarsInLog = 0;
		};
		84E97CD757D24711F4B814CE /* [CP] Copy Pods Resources */ = {
			isa = PBXShellScriptBuildPhase;
			buildActionMask = 2147483647;
			files = (
			);
			inputPaths = (
			);
			name = "[CP] Copy Pods Resources";
			outputPaths = (
			);
			runOnlyForDeploymentPostprocessing = 0;
			shellPath = /bin/sh;
			shellScript = "\"${SRCROOT}/Pods/Target Support Files/Pods-RbSwiftTests/Pods-RbSwiftTests-resources.sh\"\n";
			showEnvVarsInLog = 0;
		};
		851F64947C5FBD485E7C80EC /* [CP] Check Pods Manifest.lock */ = {
			isa = PBXShellScriptBuildPhase;
			buildActionMask = 2147483647;
			files = (
			);
			inputPaths = (
			);
			name = "[CP] Check Pods Manifest.lock";
			outputPaths = (
			);
			runOnlyForDeploymentPostprocessing = 0;
			shellPath = /bin/sh;
			shellScript = "diff \"${PODS_ROOT}/../Podfile.lock\" \"${PODS_ROOT}/Manifest.lock\" > /dev/null\nif [ $? != 0 ] ; then\n    # print error to STDERR\n    echo \"error: The sandbox is not in sync with the Podfile.lock. Run 'pod install' or update your CocoaPods installation.\" >&2\n    exit 1\nfi\n";
			showEnvVarsInLog = 0;
		};
		C1C4F2BCFCC712491111A282 /* [CP] Embed Pods Frameworks */ = {
			isa = PBXShellScriptBuildPhase;
			buildActionMask = 2147483647;
			files = (
			);
			inputPaths = (
			);
			name = "[CP] Embed Pods Frameworks";
			outputPaths = (
			);
			runOnlyForDeploymentPostprocessing = 0;
			shellPath = /bin/sh;
			shellScript = "\"${SRCROOT}/Pods/Target Support Files/Pods-RbSwiftTests/Pods-RbSwiftTests-frameworks.sh\"\n";
			showEnvVarsInLog = 0;
		};
		CBD53C83D644EC616A98EEFE /* [CP] Copy Pods Resources */ = {
			isa = PBXShellScriptBuildPhase;
			buildActionMask = 2147483647;
			files = (
			);
			inputPaths = (
			);
			name = "[CP] Copy Pods Resources";
			outputPaths = (
			);
			runOnlyForDeploymentPostprocessing = 0;
			shellPath = /bin/sh;
			shellScript = "\"${SRCROOT}/Pods/Target Support Files/Pods-RbSwift/Pods-RbSwift-resources.sh\"\n";
			showEnvVarsInLog = 0;
		};
/* End PBXShellScriptBuildPhase section */

/* Begin PBXSourcesBuildPhase section */
		724874F21E7CF813007984FD /* Sources */ = {
			isa = PBXSourcesBuildPhase;
			buildActionMask = 2147483647;
			files = (
				727738881E8025BF008E83E6 /* Number+Enumeration.swift in Sources */,
				72A218FE1E7FB38E00EF65C9 /* RegexConvertible.swift in Sources */,
				7277388C1E8034C1008E83E6 /* Number+Math.swift in Sources */,
				72541B7F1E7E32E1008B49B1 /* String+Enumeration.swift in Sources */,
				729D3D551E7E5F7100258333 /* Date+Time.swift in Sources */,
				72541B201E7D96F3008B49B1 /* Date+Components.swift in Sources */,
				72541B851E7E32E1008B49B1 /* String+Regex.swift in Sources */,
				72541B831E7E32E1008B49B1 /* String+Length.swift in Sources */,
				72FC508C1E83B69B009B99F4 /* Array+Conversions.swift in Sources */,
				729D3D5B1E7E68A900258333 /* Date+Math.swift in Sources */,
				72541B7E1E7E32E1008B49B1 /* String+Conversions.swift in Sources */,
				72541B1A1E7D95B5008B49B1 /* MatchData.swift in Sources */,
				729D3D4D1E7E355300258333 /* InflectorRule.swift in Sources */,
				72541BAE1E7E33A3008B49B1 /* Duration+Components.swift in Sources */,
				727738A01E82B932008E83E6 /* Array+Bool.swift in Sources */,
				72541B841E7E32E1008B49B1 /* String+Operator.swift in Sources */,
				72541B6A1E7E32CE008B49B1 /* Number+Conversions.swift in Sources */,
				724875061E7CF829007984FD /* Array+Transform.swift in Sources */,
				72541B811E7E32E1008B49B1 /* String+Indent.swift in Sources */,
				7248753E1E7CFC95007984FD /* Duration.swift in Sources */,
				724875081E7CF829007984FD /* Sequence+Transform.swift in Sources */,
				724875281E7CF883007984FD /* Regex.swift in Sources */,
				727738981E82B2A3008E83E6 /* Sequence+Bool.swift in Sources */,
				72541BAC1E7E3384008B49B1 /* Duration+Relative.swift in Sources */,
				72FC50881E83AC3B009B99F4 /* Array+Mutate.swift in Sources */,
				72541BB41E7E34C4008B49B1 /* Date+Conversions.swift in Sources */,
				72FC50901E83CE2E009B99F4 /* Sequence+Enumeration.swift in Sources */,
				729D3D571E7E63F200258333 /* Duration+Math.swift in Sources */,
				727738AE1E84AE87008E83E6 /* Array+Access.swift in Sources */,
				72541B801E7E32E1008B49B1 /* String+Remove.swift in Sources */,
				72541B821E7E32E1008B49B1 /* String+Inflections.swift in Sources */,
				72541B861E7E32E1008B49B1 /* String+Transform.swift in Sources */,
				729D3D5D1E7EB46900258333 /* String+Chars.swift in Sources */,
				729D3D531E7E387E00258333 /* Number+Duration.swift in Sources */,
				72541B0B1E7D6771008B49B1 /* Date+TimeZone.swift in Sources */,
				72541B691E7E32CE008B49B1 /* Number+Bool.swift in Sources */,
				727738941E81810A008E83E6 /* Array+Operator.swift in Sources */,
				72541B041E7D5D90008B49B1 /* DateFormat.swift in Sources */,
				7277389A1E82B4B0008E83E6 /* Sequence+Equatable.swift in Sources */,
				72E276AA1E8BF1E700F41D1B /* Date+Bool.swift in Sources */,
				7277388E1E8045A4008E83E6 /* Number+AbsoluteValue.swift in Sources */,
				72541B7D1E7E32E1008B49B1 /* String+Case.swift in Sources */,
				727738961E8182F0008E83E6 /* Sequence+Conversions.swift in Sources */,
				72B79D2C1E84CC5500BF7C35 /* Array+Equatable.swift in Sources */,
				72541BB21E7E33F9008B49B1 /* Duration+Comparable.swift in Sources */,
				72541B7B1E7E32E1008B49B1 /* String+Access.swift in Sources */,
				72541B6C1E7E32D5008B49B1 /* Sequence+Length.swift in Sources */,
				72541B061E7D5DD6008B49B1 /* Date+Initialize.swift in Sources */,
				72A219021E80CE1600EF65C9 /* Number+Exponentiative.swift in Sources */,
				724875271E7CF883007984FD /* Inflector.swift in Sources */,
				72541B7C1E7E32E1008B49B1 /* String+Bool.swift in Sources */,
				72541BB01E7E33C1008B49B1 /* Duration+Conversions.swift in Sources */,
			);
			runOnlyForDeploymentPostprocessing = 0;
		};
		7248750C1E7CF843007984FD /* Sources */ = {
			isa = PBXSourcesBuildPhase;
			buildActionMask = 2147483647;
			files = (
				72541B011E7D58E2008B49B1 /* DurationSpec.swift in Sources */,
				72E276A81E8BE86C00F41D1B /* Date+TimeSpec.swift in Sources */,
				727738A81E8404B8008E83E6 /* Array+EquatableSpec.swift in Sources */,
				72541B0D1E7D6803008B49B1 /* Date+TimeZoneSpec.swift in Sources */,
				72541B8D1E7E32FA008B49B1 /* Number+BoolSpec.swift in Sources */,
				72E276AC1E8BF38300F41D1B /* Date+BoolSpec.swift in Sources */,
				72541B8A1E7E32F2008B49B1 /* Date+InitializeSpec.swift in Sources */,
				72541B9E1E7E330A008B49B1 /* String+AccessSpec.swift in Sources */,
				729D3D591E7E651600258333 /* Duration+MathSpec.swift in Sources */,
				72541BA11E7E330A008B49B1 /* String+ConversionsSpec.swift in Sources */,
				723AA3401E8AD4A20000A612 /* RegexSpec.swift in Sources */,
				72541BA51E7E330A008B49B1 /* String+InflectionSpec.swift in Sources */,
				72FC50921E83CE86009B99F4 /* Sequence+EnumerationSpec.swift in Sources */,
				72FC508E1E83C851009B99F4 /* Array+ConversionsSpec.swift in Sources */,
				72541BA41E7E330A008B49B1 /* String+IndentSpec.swift in Sources */,
				72541BA61E7E330A008B49B1 /* String+LengthSpec.swift in Sources */,
				72541B9F1E7E330A008B49B1 /* String+BoolSpec.swift in Sources */,
				727738A21E82B9AB008E83E6 /* Array+BoolSpec.swift in Sources */,
				724875231E7CF850007984FD /* Sequence+TransformSpec.swift in Sources */,
				72369CA31E8B933600C876A5 /* Date+MathSpec.swift in Sources */,
				7277389C1E82B4CE008E83E6 /* Sequence+EquatableSpec.swift in Sources */,
				7277389E1E82B4D7008E83E6 /* Sequence+BoolSpec.swift in Sources */,
				72541B221E7D986B008B49B1 /* DateFormatSpec.swift in Sources */,
				72FC508A1E83AC61009B99F4 /* Array+MutateSpec.swift in Sources */,
				727738921E815F29008E83E6 /* Number+DurationSpec.swift in Sources */,
				727738901E8047D6008E83E6 /* Number+AbsoluteValueSpec.swift in Sources */,
				72A219041E80D28100EF65C9 /* Number+ExponentiativeSpec.swift in Sources */,
				72541BAA1E7E330A008B49B1 /* String+TransformSpec.swift in Sources */,
				729D3D5F1E7EB51700258333 /* String+CharsSpec.swift in Sources */,
				729D3D511E7E385E00258333 /* Duration+RelativeSpec.swift in Sources */,
				72541BA81E7E330A008B49B1 /* String+RegexSpec.swift in Sources */,
				72541B891E7E32F2008B49B1 /* Date+ComponentsSpec.swift in Sources */,
				72541BA71E7E330A008B49B1 /* String+OperatorSpec.swift in Sources */,
				72541BA21E7E330A008B49B1 /* String+EnumerationSpec.swift in Sources */,
				72541BA31E7E330A008B49B1 /* String+RemoveSpec.swift in Sources */,
				72541B901E7E3301008B49B1 /* Sequence+LengthSpec.swift in Sources */,
				7277388A1E802652008E83E6 /* Number+EnumerationSpec.swift in Sources */,
				72541BA01E7E330A008B49B1 /* String+CaseSpec.swift in Sources */,
				727738B21E84AFDD008E83E6 /* Array+AccessSpec.swift in Sources */,
				727738A41E82B9DB008E83E6 /* Array+OperatorSpec.swift in Sources */,
				72A219001E80C76500EF65C9 /* Number+MathSpec.swift in Sources */,
				724875201E7CF850007984FD /* Array+TransformSpec.swift in Sources */,
				72541B8E1E7E32FA008B49B1 /* Number+ConversionsSpec.swift in Sources */,
			);
			runOnlyForDeploymentPostprocessing = 0;
		};
/* End PBXSourcesBuildPhase section */

/* Begin PBXTargetDependency section */
		724875171E7CF843007984FD /* PBXTargetDependency */ = {
			isa = PBXTargetDependency;
			target = 724874F61E7CF813007984FD /* RbSwift */;
			targetProxy = 724875161E7CF843007984FD /* PBXContainerItemProxy */;
		};
/* End PBXTargetDependency section */

/* Begin XCBuildConfiguration section */
		724874FD1E7CF813007984FD /* Debug */ = {
			isa = XCBuildConfiguration;
			buildSettings = {
				ALWAYS_SEARCH_USER_PATHS = NO;
				CLANG_ANALYZER_NONNULL = YES;
				CLANG_CXX_LANGUAGE_STANDARD = "gnu++0x";
				CLANG_CXX_LIBRARY = "libc++";
				CLANG_ENABLE_MODULES = YES;
				CLANG_ENABLE_OBJC_ARC = YES;
				CLANG_WARN_BOOL_CONVERSION = YES;
				CLANG_WARN_CONSTANT_CONVERSION = YES;
				CLANG_WARN_DIRECT_OBJC_ISA_USAGE = YES_ERROR;
				CLANG_WARN_DOCUMENTATION_COMMENTS = YES;
				CLANG_WARN_EMPTY_BODY = YES;
				CLANG_WARN_ENUM_CONVERSION = YES;
				CLANG_WARN_INFINITE_RECURSION = YES;
				CLANG_WARN_INT_CONVERSION = YES;
				CLANG_WARN_OBJC_ROOT_CLASS = YES_ERROR;
				CLANG_WARN_SUSPICIOUS_MOVE = YES;
				CLANG_WARN_UNREACHABLE_CODE = YES;
				CLANG_WARN__DUPLICATE_METHOD_MATCH = YES;
				"CODE_SIGN_IDENTITY[sdk=iphoneos*]" = "iPhone Developer";
				COPY_PHASE_STRIP = NO;
				CURRENT_PROJECT_VERSION = 1;
				DEBUG_INFORMATION_FORMAT = dwarf;
				ENABLE_STRICT_OBJC_MSGSEND = YES;
				ENABLE_TESTABILITY = YES;
				GCC_C_LANGUAGE_STANDARD = gnu99;
				GCC_DYNAMIC_NO_PIC = NO;
				GCC_NO_COMMON_BLOCKS = YES;
				GCC_OPTIMIZATION_LEVEL = 0;
				GCC_PREPROCESSOR_DEFINITIONS = (
					"DEBUG=1",
					"$(inherited)",
				);
				GCC_WARN_64_TO_32_BIT_CONVERSION = YES;
				GCC_WARN_ABOUT_RETURN_TYPE = YES_ERROR;
				GCC_WARN_UNDECLARED_SELECTOR = YES;
				GCC_WARN_UNINITIALIZED_AUTOS = YES_AGGRESSIVE;
				GCC_WARN_UNUSED_FUNCTION = YES;
				GCC_WARN_UNUSED_VARIABLE = YES;
				IPHONEOS_DEPLOYMENT_TARGET = 10.2;
				MTL_ENABLE_DEBUG_INFO = YES;
				ONLY_ACTIVE_ARCH = YES;
				SDKROOT = iphoneos;
				SWIFT_ACTIVE_COMPILATION_CONDITIONS = DEBUG;
				SWIFT_OPTIMIZATION_LEVEL = "-Onone";
				TARGETED_DEVICE_FAMILY = "1,2";
				VERSIONING_SYSTEM = "apple-generic";
				VERSION_INFO_PREFIX = "";
			};
			name = Debug;
		};
		724874FE1E7CF813007984FD /* Release */ = {
			isa = XCBuildConfiguration;
			buildSettings = {
				ALWAYS_SEARCH_USER_PATHS = NO;
				CLANG_ANALYZER_NONNULL = YES;
				CLANG_CXX_LANGUAGE_STANDARD = "gnu++0x";
				CLANG_CXX_LIBRARY = "libc++";
				CLANG_ENABLE_MODULES = YES;
				CLANG_ENABLE_OBJC_ARC = YES;
				CLANG_WARN_BOOL_CONVERSION = YES;
				CLANG_WARN_CONSTANT_CONVERSION = YES;
				CLANG_WARN_DIRECT_OBJC_ISA_USAGE = YES_ERROR;
				CLANG_WARN_DOCUMENTATION_COMMENTS = YES;
				CLANG_WARN_EMPTY_BODY = YES;
				CLANG_WARN_ENUM_CONVERSION = YES;
				CLANG_WARN_INFINITE_RECURSION = YES;
				CLANG_WARN_INT_CONVERSION = YES;
				CLANG_WARN_OBJC_ROOT_CLASS = YES_ERROR;
				CLANG_WARN_SUSPICIOUS_MOVE = YES;
				CLANG_WARN_UNREACHABLE_CODE = YES;
				CLANG_WARN__DUPLICATE_METHOD_MATCH = YES;
				"CODE_SIGN_IDENTITY[sdk=iphoneos*]" = "iPhone Developer";
				COPY_PHASE_STRIP = NO;
				CURRENT_PROJECT_VERSION = 1;
				DEBUG_INFORMATION_FORMAT = "dwarf-with-dsym";
				ENABLE_NS_ASSERTIONS = NO;
				ENABLE_STRICT_OBJC_MSGSEND = YES;
				GCC_C_LANGUAGE_STANDARD = gnu99;
				GCC_NO_COMMON_BLOCKS = YES;
				GCC_WARN_64_TO_32_BIT_CONVERSION = YES;
				GCC_WARN_ABOUT_RETURN_TYPE = YES_ERROR;
				GCC_WARN_UNDECLARED_SELECTOR = YES;
				GCC_WARN_UNINITIALIZED_AUTOS = YES_AGGRESSIVE;
				GCC_WARN_UNUSED_FUNCTION = YES;
				GCC_WARN_UNUSED_VARIABLE = YES;
				IPHONEOS_DEPLOYMENT_TARGET = 10.2;
				MTL_ENABLE_DEBUG_INFO = NO;
				SDKROOT = iphoneos;
				SWIFT_OPTIMIZATION_LEVEL = "-Owholemodule";
				TARGETED_DEVICE_FAMILY = "1,2";
				VALIDATE_PRODUCT = YES;
				VERSIONING_SYSTEM = "apple-generic";
				VERSION_INFO_PREFIX = "";
			};
			name = Release;
		};
		724875001E7CF813007984FD /* Debug */ = {
			isa = XCBuildConfiguration;
			baseConfigurationReference = 72A218F31E7F8A7100EF65C9 /* Pods-RbSwift.debug.xcconfig */;
			buildSettings = {
				CLANG_ENABLE_MODULES = YES;
				CODE_SIGN_IDENTITY = "";
				DEFINES_MODULE = YES;
				DYLIB_COMPATIBILITY_VERSION = 1;
				DYLIB_CURRENT_VERSION = 1;
				DYLIB_INSTALL_NAME_BASE = "@rpath";
				INFOPLIST_FILE = Sources/Info.plist;
				INSTALL_PATH = "$(LOCAL_LIBRARY_DIR)/Frameworks";
				LD_RUNPATH_SEARCH_PATHS = "$(inherited) @executable_path/Frameworks @loader_path/Frameworks";
				PRODUCT_BUNDLE_IDENTIFIER = org.draveness.RbSwift;
				PRODUCT_NAME = "$(TARGET_NAME)";
				SKIP_INSTALL = YES;
				SWIFT_OPTIMIZATION_LEVEL = "-Onone";
				SWIFT_VERSION = 3.0;
			};
			name = Debug;
		};
		724875011E7CF813007984FD /* Release */ = {
			isa = XCBuildConfiguration;
			baseConfigurationReference = 72A218F41E7F8A7100EF65C9 /* Pods-RbSwift.release.xcconfig */;
			buildSettings = {
				CLANG_ENABLE_MODULES = YES;
				CODE_SIGN_IDENTITY = "";
				DEFINES_MODULE = YES;
				DYLIB_COMPATIBILITY_VERSION = 1;
				DYLIB_CURRENT_VERSION = 1;
				DYLIB_INSTALL_NAME_BASE = "@rpath";
				INFOPLIST_FILE = Sources/Info.plist;
				INSTALL_PATH = "$(LOCAL_LIBRARY_DIR)/Frameworks";
				LD_RUNPATH_SEARCH_PATHS = "$(inherited) @executable_path/Frameworks @loader_path/Frameworks";
				PRODUCT_BUNDLE_IDENTIFIER = org.draveness.RbSwift;
				PRODUCT_NAME = "$(TARGET_NAME)";
				SKIP_INSTALL = YES;
				SWIFT_VERSION = 3.0;
			};
			name = Release;
		};
		724875191E7CF843007984FD /* Debug */ = {
			isa = XCBuildConfiguration;
			baseConfigurationReference = 72A218F71E7F8A7D00EF65C9 /* Pods-RbSwiftTests.debug.xcconfig */;
			buildSettings = {
				INFOPLIST_FILE = RbSwiftTests/Info.plist;
				LD_RUNPATH_SEARCH_PATHS = "$(inherited) @executable_path/Frameworks @loader_path/Frameworks";
				PRODUCT_BUNDLE_IDENTIFIER = org.draveness.RbSwiftTests;
				PRODUCT_NAME = "$(TARGET_NAME)";
				SWIFT_VERSION = 3.0;
			};
			name = Debug;
		};
		7248751A1E7CF843007984FD /* Release */ = {
			isa = XCBuildConfiguration;
			baseConfigurationReference = 72A218F81E7F8A7D00EF65C9 /* Pods-RbSwiftTests.release.xcconfig */;
			buildSettings = {
				INFOPLIST_FILE = RbSwiftTests/Info.plist;
				LD_RUNPATH_SEARCH_PATHS = "$(inherited) @executable_path/Frameworks @loader_path/Frameworks";
				PRODUCT_BUNDLE_IDENTIFIER = org.draveness.RbSwiftTests;
				PRODUCT_NAME = "$(TARGET_NAME)";
				SWIFT_VERSION = 3.0;
			};
			name = Release;
		};
/* End XCBuildConfiguration section */

/* Begin XCConfigurationList section */
		724874F11E7CF813007984FD /* Build configuration list for PBXProject "RbSwift" */ = {
			isa = XCConfigurationList;
			buildConfigurations = (
				724874FD1E7CF813007984FD /* Debug */,
				724874FE1E7CF813007984FD /* Release */,
			);
			defaultConfigurationIsVisible = 0;
			defaultConfigurationName = Release;
		};
		724874FF1E7CF813007984FD /* Build configuration list for PBXNativeTarget "RbSwift" */ = {
			isa = XCConfigurationList;
			buildConfigurations = (
				724875001E7CF813007984FD /* Debug */,
				724875011E7CF813007984FD /* Release */,
			);
			defaultConfigurationIsVisible = 0;
			defaultConfigurationName = Release;
		};
		724875181E7CF843007984FD /* Build configuration list for PBXNativeTarget "RbSwiftTests" */ = {
			isa = XCConfigurationList;
			buildConfigurations = (
				724875191E7CF843007984FD /* Debug */,
				7248751A1E7CF843007984FD /* Release */,
			);
			defaultConfigurationIsVisible = 0;
			defaultConfigurationName = Release;
		};
/* End XCConfigurationList section */
	};
	rootObject = 724874EE1E7CF813007984FD /* Project object */;
}
